
Microsoft Visual Studio Solution File, Format Version 12.00
# Visual Studio Version 17
VisualStudioVersion = 17.9.34728.123
MinimumVisualStudioVersion = 10.0.40219.1
Project("{FAE04EC0-301F-11D3-BF4B-00C04F79EFBC}") = "SokobanGame", "SokobanGame\SokobanGame.csproj", "{45AF9C78-DDD4-4367-A4F9-B976A715FBFA}"
EndProject
Global
	GlobalSection(SolutionConfigurationPlatforms) = preSolution
		Debug|Any CPU = Debug|Any CPU
		Release|Any CPU = Release|Any CPU
	EndGlobalSection
	GlobalSection(ProjectConfigurationPlatforms) = postSolution
		{45AF9C78-DDD4-4367-A4F9-B976A715FBFA}.Debug|Any CPU.ActiveCfg = Debug|Any CPU
		{45AF9C78-DDD4-4367-A4F9-B976A715FBFA}.Debug|Any CPU.Build.0 = Debug|Any CPU
		{45AF9C78-DDD4-4367-A4F9-B976A715FBFA}.Release|Any CPU.ActiveCfg = Release|Any CPU
		{45AF9C78-DDD4-4367-A4F9-B976A715FBFA}.Release|Any CPU.Build.0 = Release|Any CPU
	EndGlobalSection
	GlobalSection(SolutionProperties) = preSolution
		HideSolutionNode = FALSE
	EndGlobalSection
	GlobalSection(ExtensibilityGlobals) = postSolution
		SolutionGuid = {BB59BDCE-5D23-4739-80A6-2F9BC7F3046B}
	EndGlobalSection
EndGlobal
